
Microsoft Visual Studio Solution File, Format Version 12.00
# Visual Studio Version 17
VisualStudioVersion = 17.10.35122.118
MinimumVisualStudioVersion = 10.0.40219.1
Project("{9A19103F-16F7-4668-BE54-9A1E7A4F7556}") = "DomainDrivenDesign.Domain", "DomainDrivenDesign.Domain\DomainDrivenDesign.Domain.csproj", "{431D4762-2F2A-44B4-81A6-C4E9F7680095}"
EndProject
Project("{9A19103F-16F7-4668-BE54-9A1E7A4F7556}") = "DomainDrivenDesign.Application", "DomainDrivenDesign.Application\DomainDrivenDesign.Application.csproj", "{ED8D7363-8298-438A-95E3-7023864B56CD}"
EndProject
Project("{9A19103F-16F7-4668-BE54-9A1E7A4F7556}") = "DomainDrivenDesign.Infrastructure", "DomainDrivenDesign.Infrastructure\DomainDrivenDesign.Infrastructure.csproj", "{641E026E-8A42-4F26-AD4A-19C68CE5ADAF}"
EndProject
Project("{FAE04EC0-301F-11D3-BF4B-00C04F79EFBC}") = "DomainDrivenDesign.WebAPI", "DomainDrivenDesign.WebAPI\DomainDrivenDesign.WebAPI.csproj", "{38CD6FA9-E7F5-40AE-AE8D-83EB3019A7EA}"
EndProject
Global
	GlobalSection(SolutionConfigurationPlatforms) = preSolution
		Debug|Any CPU = Debug|Any CPU
		Release|Any CPU = Release|Any CPU
	EndGlobalSection
	GlobalSection(ProjectConfigurationPlatforms) = postSolution
		{431D4762-2F2A-44B4-81A6-C4E9F7680095}.Debug|Any CPU.ActiveCfg = Debug|Any CPU
		{431D4762-2F2A-44B4-81A6-C4E9F7680095}.Debug|Any CPU.Build.0 = Debug|Any CPU
		{431D4762-2F2A-44B4-81A6-C4E9F7680095}.Release|Any CPU.ActiveCfg = Release|Any CPU
		{431D4762-2F2A-44B4-81A6-C4E9F7680095}.Release|Any CPU.Build.0 = Release|Any CPU
		{ED8D7363-8298-438A-95E3-7023864B56CD}.Debug|Any CPU.ActiveCfg = Debug|Any CPU
		{ED8D7363-8298-438A-95E3-7023864B56CD}.Debug|Any CPU.Build.0 = Debug|Any CPU
		{ED8D7363-8298-438A-95E3-7023864B56CD}.Release|Any CPU.ActiveCfg = Release|Any CPU
		{ED8D7363-8298-438A-95E3-7023864B56CD}.Release|Any CPU.Build.0 = Release|Any CPU
		{641E026E-8A42-4F26-AD4A-19C68CE5ADAF}.Debug|Any CPU.ActiveCfg = Debug|Any CPU
		{641E026E-8A42-4F26-AD4A-19C68CE5ADAF}.Debug|Any CPU.Build.0 = Debug|Any CPU
		{641E026E-8A42-4F26-AD4A-19C68CE5ADAF}.Release|Any CPU.ActiveCfg = Release|Any CPU
		{641E026E-8A42-4F26-AD4A-19C68CE5ADAF}.Release|Any CPU.Build.0 = Release|Any CPU
		{38CD6FA9-E7F5-40AE-AE8D-83EB3019A7EA}.Debug|Any CPU.ActiveCfg = Debug|Any CPU
		{38CD6FA9-E7F5-40AE-AE8D-83EB3019A7EA}.Debug|Any CPU.Build.0 = Debug|Any CPU
		{38CD6FA9-E7F5-40AE-AE8D-83EB3019A7EA}.Release|Any CPU.ActiveCfg = Release|Any CPU
		{38CD6FA9-E7F5-40AE-AE8D-83EB3019A7EA}.Release|Any CPU.Build.0 = Release|Any CPU
	EndGlobalSection
	GlobalSection(SolutionProperties) = preSolution
		HideSolutionNode = FALSE
	EndGlobalSection
	GlobalSection(ExtensibilityGlobals) = postSolution
		SolutionGuid = {92B8C520-A852-4EE6-96F4-B98A0AF5F856}
	EndGlobalSection
EndGlobal
