
Microsoft Visual Studio Solution File, Format Version 12.00
# Visual Studio Version 17
VisualStudioVersion = 17.10.35027.167
MinimumVisualStudioVersion = 10.0.40219.1
Project("{FAE04EC0-301F-11D3-BF4B-00C04F79EFBC}") = "TodoCleanArchitecture.Domain", "TodoCleanArchitecture.Domain\TodoCleanArchitecture.Domain.csproj", "{02A4F8FE-F751-4DDB-8AC2-42F72E925FB4}"
EndProject
Project("{FAE04EC0-301F-11D3-BF4B-00C04F79EFBC}") = "TodoCleanArchitecture.Application", "TodoCleanArchitecture.Application\TodoCleanArchitecture.Application.csproj", "{C56399EF-2AE4-42F0-98CA-F0B673451582}"
EndProject
Project("{FAE04EC0-301F-11D3-BF4B-00C04F79EFBC}") = "TodoCleanArchitecture.Infrastructure", "TodoCleanArchitecture.Infrastructure\TodoCleanArchitecture.Infrastructure.csproj", "{7512AA4F-7CC9-4964-BD80-4B1D154858C0}"
EndProject
Project("{FAE04EC0-301F-11D3-BF4B-00C04F79EFBC}") = "TodoCleanArchitecture.WebAPI", "TodoCleanArchitecture.WebAPI\TodoCleanArchitecture.WebAPI.csproj", "{50F4A7C4-B04F-402D-87CF-C8CA597A670C}"
EndProject
Global
	GlobalSection(SolutionConfigurationPlatforms) = preSolution
		Debug|Any CPU = Debug|Any CPU
		Release|Any CPU = Release|Any CPU
	EndGlobalSection
	GlobalSection(ProjectConfigurationPlatforms) = postSolution
		{02A4F8FE-F751-4DDB-8AC2-42F72E925FB4}.Debug|Any CPU.ActiveCfg = Debug|Any CPU
		{02A4F8FE-F751-4DDB-8AC2-42F72E925FB4}.Debug|Any CPU.Build.0 = Debug|Any CPU
		{02A4F8FE-F751-4DDB-8AC2-42F72E925FB4}.Release|Any CPU.ActiveCfg = Release|Any CPU
		{02A4F8FE-F751-4DDB-8AC2-42F72E925FB4}.Release|Any CPU.Build.0 = Release|Any CPU
		{C56399EF-2AE4-42F0-98CA-F0B673451582}.Debug|Any CPU.ActiveCfg = Debug|Any CPU
		{C56399EF-2AE4-42F0-98CA-F0B673451582}.Debug|Any CPU.Build.0 = Debug|Any CPU
		{C56399EF-2AE4-42F0-98CA-F0B673451582}.Release|Any CPU.ActiveCfg = Release|Any CPU
		{C56399EF-2AE4-42F0-98CA-F0B673451582}.Release|Any CPU.Build.0 = Release|Any CPU
		{7512AA4F-7CC9-4964-BD80-4B1D154858C0}.Debug|Any CPU.ActiveCfg = Debug|Any CPU
		{7512AA4F-7CC9-4964-BD80-4B1D154858C0}.Debug|Any CPU.Build.0 = Debug|Any CPU
		{7512AA4F-7CC9-4964-BD80-4B1D154858C0}.Release|Any CPU.ActiveCfg = Release|Any CPU
		{7512AA4F-7CC9-4964-BD80-4B1D154858C0}.Release|Any CPU.Build.0 = Release|Any CPU
		{50F4A7C4-B04F-402D-87CF-C8CA597A670C}.Debug|Any CPU.ActiveCfg = Debug|Any CPU
		{50F4A7C4-B04F-402D-87CF-C8CA597A670C}.Debug|Any CPU.Build.0 = Debug|Any CPU
		{50F4A7C4-B04F-402D-87CF-C8CA597A670C}.Release|Any CPU.ActiveCfg = Release|Any CPU
		{50F4A7C4-B04F-402D-87CF-C8CA597A670C}.Release|Any CPU.Build.0 = Release|Any CPU
	EndGlobalSection
	GlobalSection(SolutionProperties) = preSolution
		HideSolutionNode = FALSE
	EndGlobalSection
	GlobalSection(ExtensibilityGlobals) = postSolution
		SolutionGuid = {478DA769-ABBC-4BCF-A1D1-2175826B3B8F}
	EndGlobalSection
EndGlobal
